
Microsoft Visual Studio Solution File, Format Version 12.00
# Visual Studio Express 2012 for Windows Desktop
Project("{FAE04EC0-301F-11D3-BF4B-00C04F79EFBC}") = "Ex 1", "Ex 1\Ex 1.csproj", "{C2C550E3-F3E2-4BC8-BFA1-333A3A098F62}"
EndProject
Project("{FAE04EC0-301F-11D3-BF4B-00C04F79EFBC}") = "Exercise1Test", "Exercise1Test\Exercise1Test.csproj", "{7F10E00A-C6CC-4579-95F9-DC18D49C6EEE}"
EndProject
Global
	GlobalSection(SolutionConfigurationPlatforms) = preSolution
		Debug|Any CPU = Debug|Any CPU
		Release|Any CPU = Release|Any CPU
	EndGlobalSection
	GlobalSection(ProjectConfigurationPlatforms) = postSolution
		{C2C550E3-F3E2-4BC8-BFA1-333A3A098F62}.Debug|Any CPU.ActiveCfg = Debug|Any CPU
		{C2C550E3-F3E2-4BC8-BFA1-333A3A098F62}.Debug|Any CPU.Build.0 = Debug|Any CPU
		{C2C550E3-F3E2-4BC8-BFA1-333A3A098F62}.Release|Any CPU.ActiveCfg = Release|Any CPU
		{C2C550E3-F3E2-4BC8-BFA1-333A3A098F62}.Release|Any CPU.Build.0 = Release|Any CPU
		{7F10E00A-C6CC-4579-95F9-DC18D49C6EEE}.Debug|Any CPU.ActiveCfg = Debug|Any CPU
		{7F10E00A-C6CC-4579-95F9-DC18D49C6EEE}.Debug|Any CPU.Build.0 = Debug|Any CPU
		{7F10E00A-C6CC-4579-95F9-DC18D49C6EEE}.Release|Any CPU.ActiveCfg = Release|Any CPU
		{7F10E00A-C6CC-4579-95F9-DC18D49C6EEE}.Release|Any CPU.Build.0 = Release|Any CPU
	EndGlobalSection
	GlobalSection(SolutionProperties) = preSolution
		HideSolutionNode = FALSE
	EndGlobalSection
EndGlobal
