
Microsoft Visual Studio Solution File, Format Version 12.00
# Visual Studio Express 2012 for Windows Desktop
Project("{FAE04EC0-301F-11D3-BF4B-00C04F79EFBC}") = "Ex 2 (Fibonacci)", "Ex 2 (Fibonacci)\Ex 2 (Fibonacci).csproj", "{500B3D68-096F-43A7-8EC9-EB7912891383}"
EndProject
Project("{FAE04EC0-301F-11D3-BF4B-00C04F79EFBC}") = "Ex 2 (Fibonacci) Test", "Ex 2 (Fibonacci) Test\Ex 2 (Fibonacci) Test.csproj", "{95FC4E89-16C9-41FD-9B99-AF8AC72B23CD}"
EndProject
Global
	GlobalSection(SolutionConfigurationPlatforms) = preSolution
		Debug|Any CPU = Debug|Any CPU
		Release|Any CPU = Release|Any CPU
	EndGlobalSection
	GlobalSection(ProjectConfigurationPlatforms) = postSolution
		{500B3D68-096F-43A7-8EC9-EB7912891383}.Debug|Any CPU.ActiveCfg = Debug|Any CPU
		{500B3D68-096F-43A7-8EC9-EB7912891383}.Debug|Any CPU.Build.0 = Debug|Any CPU
		{500B3D68-096F-43A7-8EC9-EB7912891383}.Release|Any CPU.ActiveCfg = Release|Any CPU
		{500B3D68-096F-43A7-8EC9-EB7912891383}.Release|Any CPU.Build.0 = Release|Any CPU
		{95FC4E89-16C9-41FD-9B99-AF8AC72B23CD}.Debug|Any CPU.ActiveCfg = Debug|Any CPU
		{95FC4E89-16C9-41FD-9B99-AF8AC72B23CD}.Debug|Any CPU.Build.0 = Debug|Any CPU
		{95FC4E89-16C9-41FD-9B99-AF8AC72B23CD}.Release|Any CPU.ActiveCfg = Release|Any CPU
		{95FC4E89-16C9-41FD-9B99-AF8AC72B23CD}.Release|Any CPU.Build.0 = Release|Any CPU
	EndGlobalSection
	GlobalSection(SolutionProperties) = preSolution
		HideSolutionNode = FALSE
	EndGlobalSection
EndGlobal
